
Microsoft Visual Studio Solution File, Format Version 12.00
# Visual Studio 15
VisualStudioVersion = 15.0.27703.2042
MinimumVisualStudioVersion = 10.0.40219.1
Project("{FAE04EC0-301F-11D3-BF4B-00C04F79EFBC}") = "IAB330Tutorial2_1.Android", "IAB330Tutorial2_1\IAB330Tutorial2_1.Android\IAB330Tutorial2_1.Android.csproj", "{21EBE45D-680D-4AE3-99BE-C9BC48BB9E47}"
EndProject
Project("{FAE04EC0-301F-11D3-BF4B-00C04F79EFBC}") = "IAB330Tutorial2_1.iOS", "IAB330Tutorial2_1\IAB330Tutorial2_1.iOS\IAB330Tutorial2_1.iOS.csproj", "{A6D23E96-B68B-4961-A59B-B8FA8A4930EC}"
EndProject
Project("{FAE04EC0-301F-11D3-BF4B-00C04F79EFBC}") = "IAB330Tutorial2_1", "IAB330Tutorial2_1\IAB330Tutorial2_1\IAB330Tutorial2_1.csproj", "{82D2AEE7-8F2A-419D-89AA-E6F6ECDE503A}"
EndProject
Global
	GlobalSection(SolutionConfigurationPlatforms) = preSolution
		Ad-Hoc|Any CPU = Ad-Hoc|Any CPU
		Ad-Hoc|iPhone = Ad-Hoc|iPhone
		Ad-Hoc|iPhoneSimulator = Ad-Hoc|iPhoneSimulator
		AppStore|Any CPU = AppStore|Any CPU
		AppStore|iPhone = AppStore|iPhone
		AppStore|iPhoneSimulator = AppStore|iPhoneSimulator
		Debug|Any CPU = Debug|Any CPU
		Debug|iPhone = Debug|iPhone
		Debug|iPhoneSimulator = Debug|iPhoneSimulator
		Release|Any CPU = Release|Any CPU
		Release|iPhone = Release|iPhone
		Release|iPhoneSimulator = Release|iPhoneSimulator
	EndGlobalSection
	GlobalSection(ProjectConfigurationPlatforms) = postSolution
		{21EBE45D-680D-4AE3-99BE-C9BC48BB9E47}.Ad-Hoc|Any CPU.ActiveCfg = Release|Any CPU
		{21EBE45D-680D-4AE3-99BE-C9BC48BB9E47}.Ad-Hoc|Any CPU.Build.0 = Release|Any CPU
		{21EBE45D-680D-4AE3-99BE-C9BC48BB9E47}.Ad-Hoc|Any CPU.Deploy.0 = Release|Any CPU
		{21EBE45D-680D-4AE3-99BE-C9BC48BB9E47}.Ad-Hoc|iPhone.ActiveCfg = Release|Any CPU
		{21EBE45D-680D-4AE3-99BE-C9BC48BB9E47}.Ad-Hoc|iPhone.Build.0 = Release|Any CPU
		{21EBE45D-680D-4AE3-99BE-C9BC48BB9E47}.Ad-Hoc|iPhone.Deploy.0 = Release|Any CPU
		{21EBE45D-680D-4AE3-99BE-C9BC48BB9E47}.Ad-Hoc|iPhoneSimulator.ActiveCfg = Release|Any CPU
		{21EBE45D-680D-4AE3-99BE-C9BC48BB9E47}.Ad-Hoc|iPhoneSimulator.Build.0 = Release|Any CPU
		{21EBE45D-680D-4AE3-99BE-C9BC48BB9E47}.Ad-Hoc|iPhoneSimulator.Deploy.0 = Release|Any CPU
		{21EBE45D-680D-4AE3-99BE-C9BC48BB9E47}.AppStore|Any CPU.ActiveCfg = Release|Any CPU
		{21EBE45D-680D-4AE3-99BE-C9BC48BB9E47}.AppStore|Any CPU.Build.0 = Release|Any CPU
		{21EBE45D-680D-4AE3-99BE-C9BC48BB9E47}.AppStore|Any CPU.Deploy.0 = Release|Any CPU
		{21EBE45D-680D-4AE3-99BE-C9BC48BB9E47}.AppStore|iPhone.ActiveCfg = Release|Any CPU
		{21EBE45D-680D-4AE3-99BE-C9BC48BB9E47}.AppStore|iPhone.Build.0 = Release|Any CPU
		{21EBE45D-680D-4AE3-99BE-C9BC48BB9E47}.AppStore|iPhone.Deploy.0 = Release|Any CPU
		{21EBE45D-680D-4AE3-99BE-C9BC48BB9E47}.AppStore|iPhoneSimulator.ActiveCfg = Release|Any CPU
		{21EBE45D-680D-4AE3-99BE-C9BC48BB9E47}.AppStore|iPhoneSimulator.Build.0 = Release|Any CPU
		{21EBE45D-680D-4AE3-99BE-C9BC48BB9E47}.AppStore|iPhoneSimulator.Deploy.0 = Release|Any CPU
		{21EBE45D-680D-4AE3-99BE-C9BC48BB9E47}.Debug|Any CPU.ActiveCfg = Debug|Any CPU
		{21EBE45D-680D-4AE3-99BE-C9BC48BB9E47}.Debug|Any CPU.Build.0 = Debug|Any CPU
		{21EBE45D-680D-4AE3-99BE-C9BC48BB9E47}.Debug|Any CPU.Deploy.0 = Debug|Any CPU
		{21EBE45D-680D-4AE3-99BE-C9BC48BB9E47}.Debug|iPhone.ActiveCfg = Debug|Any CPU
		{21EBE45D-680D-4AE3-99BE-C9BC48BB9E47}.Debug|iPhone.Build.0 = Debug|Any CPU
		{21EBE45D-680D-4AE3-99BE-C9BC48BB9E47}.Debug|iPhone.Deploy.0 = Debug|Any CPU
		{21EBE45D-680D-4AE3-99BE-C9BC48BB9E47}.Debug|iPhoneSimulator.ActiveCfg = Debug|Any CPU
		{21EBE45D-680D-4AE3-99BE-C9BC48BB9E47}.Debug|iPhoneSimulator.Build.0 = Debug|Any CPU
		{21EBE45D-680D-4AE3-99BE-C9BC48BB9E47}.Debug|iPhoneSimulator.Deploy.0 = Debug|Any CPU
		{21EBE45D-680D-4AE3-99BE-C9BC48BB9E47}.Release|Any CPU.ActiveCfg = Release|Any CPU
		{21EBE45D-680D-4AE3-99BE-C9BC48BB9E47}.Release|Any CPU.Build.0 = Release|Any CPU
		{21EBE45D-680D-4AE3-99BE-C9BC48BB9E47}.Release|Any CPU.Deploy.0 = Release|Any CPU
		{21EBE45D-680D-4AE3-99BE-C9BC48BB9E47}.Release|iPhone.ActiveCfg = Release|Any CPU
		{21EBE45D-680D-4AE3-99BE-C9BC48BB9E47}.Release|iPhone.Build.0 = Release|Any CPU
		{21EBE45D-680D-4AE3-99BE-C9BC48BB9E47}.Release|iPhone.Deploy.0 = Release|Any CPU
		{21EBE45D-680D-4AE3-99BE-C9BC48BB9E47}.Release|iPhoneSimulator.ActiveCfg = Release|Any CPU
		{21EBE45D-680D-4AE3-99BE-C9BC48BB9E47}.Release|iPhoneSimulator.Build.0 = Release|Any CPU
		{21EBE45D-680D-4AE3-99BE-C9BC48BB9E47}.Release|iPhoneSimulator.Deploy.0 = Release|Any CPU
		{A6D23E96-B68B-4961-A59B-B8FA8A4930EC}.Ad-Hoc|Any CPU.ActiveCfg = Ad-Hoc|iPhone
		{A6D23E96-B68B-4961-A59B-B8FA8A4930EC}.Ad-Hoc|Any CPU.Build.0 = Ad-Hoc|iPhone
		{A6D23E96-B68B-4961-A59B-B8FA8A4930EC}.Ad-Hoc|Any CPU.Deploy.0 = Ad-Hoc|iPhone
		{A6D23E96-B68B-4961-A59B-B8FA8A4930EC}.Ad-Hoc|iPhone.ActiveCfg = Ad-Hoc|iPhone
		{A6D23E96-B68B-4961-A59B-B8FA8A4930EC}.Ad-Hoc|iPhone.Build.0 = Ad-Hoc|iPhone
		{A6D23E96-B68B-4961-A59B-B8FA8A4930EC}.Ad-Hoc|iPhone.Deploy.0 = Ad-Hoc|iPhone
		{A6D23E96-B68B-4961-A59B-B8FA8A4930EC}.Ad-Hoc|iPhoneSimulator.ActiveCfg = Ad-Hoc|iPhoneSimulator
		{A6D23E96-B68B-4961-A59B-B8FA8A4930EC}.Ad-Hoc|iPhoneSimulator.Build.0 = Ad-Hoc|iPhoneSimulator
		{A6D23E96-B68B-4961-A59B-B8FA8A4930EC}.Ad-Hoc|iPhoneSimulator.Deploy.0 = Ad-Hoc|iPhoneSimulator
		{A6D23E96-B68B-4961-A59B-B8FA8A4930EC}.AppStore|Any CPU.ActiveCfg = AppStore|iPhone
		{A6D23E96-B68B-4961-A59B-B8FA8A4930EC}.AppStore|Any CPU.Build.0 = AppStore|iPhone
		{A6D23E96-B68B-4961-A59B-B8FA8A4930EC}.AppStore|Any CPU.Deploy.0 = AppStore|iPhone
		{A6D23E96-B68B-4961-A59B-B8FA8A4930EC}.AppStore|iPhone.ActiveCfg = AppStore|iPhone
		{A6D23E96-B68B-4961-A59B-B8FA8A4930EC}.AppStore|iPhone.Build.0 = AppStore|iPhone
		{A6D23E96-B68B-4961-A59B-B8FA8A4930EC}.AppStore|iPhone.Deploy.0 = AppStore|iPhone
		{A6D23E96-B68B-4961-A59B-B8FA8A4930EC}.AppStore|iPhoneSimulator.ActiveCfg = AppStore|iPhoneSimulator
		{A6D23E96-B68B-4961-A59B-B8FA8A4930EC}.AppStore|iPhoneSimulator.Build.0 = AppStore|iPhoneSimulator
		{A6D23E96-B68B-4961-A59B-B8FA8A4930EC}.AppStore|iPhoneSimulator.Deploy.0 = AppStore|iPhoneSimulator
		{A6D23E96-B68B-4961-A59B-B8FA8A4930EC}.Debug|Any CPU.ActiveCfg = Debug|iPhoneSimulator
		{A6D23E96-B68B-4961-A59B-B8FA8A4930EC}.Debug|Any CPU.Build.0 = Debug|iPhoneSimulator
		{A6D23E96-B68B-4961-A59B-B8FA8A4930EC}.Debug|Any CPU.Deploy.0 = Debug|iPhoneSimulator
		{A6D23E96-B68B-4961-A59B-B8FA8A4930EC}.Debug|iPhone.ActiveCfg = Debug|iPhone
		{A6D23E96-B68B-4961-A59B-B8FA8A4930EC}.Debug|iPhone.Build.0 = Debug|iPhone
		{A6D23E96-B68B-4961-A59B-B8FA8A4930EC}.Debug|iPhone.Deploy.0 = Debug|iPhone
		{A6D23E96-B68B-4961-A59B-B8FA8A4930EC}.Debug|iPhoneSimulator.ActiveCfg = Debug|iPhoneSimulator
		{A6D23E96-B68B-4961-A59B-B8FA8A4930EC}.Debug|iPhoneSimulator.Build.0 = Debug|iPhoneSimulator
		{A6D23E96-B68B-4961-A59B-B8FA8A4930EC}.Debug|iPhoneSimulator.Deploy.0 = Debug|iPhoneSimulator
		{A6D23E96-B68B-4961-A59B-B8FA8A4930EC}.Release|Any CPU.ActiveCfg = Release|iPhone
		{A6D23E96-B68B-4961-A59B-B8FA8A4930EC}.Release|Any CPU.Build.0 = Release|iPhone
		{A6D23E96-B68B-4961-A59B-B8FA8A4930EC}.Release|Any CPU.Deploy.0 = Release|iPhone
		{A6D23E96-B68B-4961-A59B-B8FA8A4930EC}.Release|iPhone.ActiveCfg = Release|iPhone
		{A6D23E96-B68B-4961-A59B-B8FA8A4930EC}.Release|iPhone.Build.0 = Release|iPhone
		{A6D23E96-B68B-4961-A59B-B8FA8A4930EC}.Release|iPhone.Deploy.0 = Release|iPhone
		{A6D23E96-B68B-4961-A59B-B8FA8A4930EC}.Release|iPhoneSimulator.ActiveCfg = Release|iPhoneSimulator
		{A6D23E96-B68B-4961-A59B-B8FA8A4930EC}.Release|iPhoneSimulator.Build.0 = Release|iPhoneSimulator
		{A6D23E96-B68B-4961-A59B-B8FA8A4930EC}.Release|iPhoneSimulator.Deploy.0 = Release|iPhoneSimulator
		{82D2AEE7-8F2A-419D-89AA-E6F6ECDE503A}.Ad-Hoc|Any CPU.ActiveCfg = Debug|Any CPU
		{82D2AEE7-8F2A-419D-89AA-E6F6ECDE503A}.Ad-Hoc|Any CPU.Build.0 = Debug|Any CPU
		{82D2AEE7-8F2A-419D-89AA-E6F6ECDE503A}.Ad-Hoc|Any CPU.Deploy.0 = Debug|Any CPU
		{82D2AEE7-8F2A-419D-89AA-E6F6ECDE503A}.Ad-Hoc|iPhone.ActiveCfg = Debug|Any CPU
		{82D2AEE7-8F2A-419D-89AA-E6F6ECDE503A}.Ad-Hoc|iPhone.Build.0 = Debug|Any CPU
		{82D2AEE7-8F2A-419D-89AA-E6F6ECDE503A}.Ad-Hoc|iPhone.Deploy.0 = Debug|Any CPU
		{82D2AEE7-8F2A-419D-89AA-E6F6ECDE503A}.Ad-Hoc|iPhoneSimulator.ActiveCfg = Debug|Any CPU
		{82D2AEE7-8F2A-419D-89AA-E6F6ECDE503A}.Ad-Hoc|iPhoneSimulator.Build.0 = Debug|Any CPU
		{82D2AEE7-8F2A-419D-89AA-E6F6ECDE503A}.Ad-Hoc|iPhoneSimulator.Deploy.0 = Debug|Any CPU
		{82D2AEE7-8F2A-419D-89AA-E6F6ECDE503A}.AppStore|Any CPU.ActiveCfg = Debug|Any CPU
		{82D2AEE7-8F2A-419D-89AA-E6F6ECDE503A}.AppStore|Any CPU.Build.0 = Debug|Any CPU
		{82D2AEE7-8F2A-419D-89AA-E6F6ECDE503A}.AppStore|Any CPU.Deploy.0 = Debug|Any CPU
		{82D2AEE7-8F2A-419D-89AA-E6F6ECDE503A}.AppStore|iPhone.ActiveCfg = Debug|Any CPU
		{82D2AEE7-8F2A-419D-89AA-E6F6ECDE503A}.AppStore|iPhone.Build.0 = Debug|Any CPU
		{82D2AEE7-8F2A-419D-89AA-E6F6ECDE503A}.AppStore|iPhone.Deploy.0 = Debug|Any CPU
		{82D2AEE7-8F2A-419D-89AA-E6F6ECDE503A}.AppStore|iPhoneSimulator.ActiveCfg = Debug|Any CPU
		{82D2AEE7-8F2A-419D-89AA-E6F6ECDE503A}.AppStore|iPhoneSimulator.Build.0 = Debug|Any CPU
		{82D2AEE7-8F2A-419D-89AA-E6F6ECDE503A}.AppStore|iPhoneSimulator.Deploy.0 = Debug|Any CPU
		{82D2AEE7-8F2A-419D-89AA-E6F6ECDE503A}.Debug|Any CPU.ActiveCfg = Debug|Any CPU
		{82D2AEE7-8F2A-419D-89AA-E6F6ECDE503A}.Debug|Any CPU.Build.0 = Debug|Any CPU
		{82D2AEE7-8F2A-419D-89AA-E6F6ECDE503A}.Debug|Any CPU.Deploy.0 = Debug|Any CPU
		{82D2AEE7-8F2A-419D-89AA-E6F6ECDE503A}.Debug|iPhone.ActiveCfg = Debug|Any CPU
		{82D2AEE7-8F2A-419D-89AA-E6F6ECDE503A}.Debug|iPhone.Build.0 = Debug|Any CPU
		{82D2AEE7-8F2A-419D-89AA-E6F6ECDE503A}.Debug|iPhone.Deploy.0 = Debug|Any CPU
		{82D2AEE7-8F2A-419D-89AA-E6F6ECDE503A}.Debug|iPhoneSimulator.ActiveCfg = Debug|Any CPU
		{82D2AEE7-8F2A-419D-89AA-E6F6ECDE503A}.Debug|iPhoneSimulator.Build.0 = Debug|Any CPU
		{82D2AEE7-8F2A-419D-89AA-E6F6ECDE503A}.Debug|iPhoneSimulator.Deploy.0 = Debug|Any CPU
		{82D2AEE7-8F2A-419D-89AA-E6F6ECDE503A}.Release|Any CPU.ActiveCfg = Release|Any CPU
		{82D2AEE7-8F2A-419D-89AA-E6F6ECDE503A}.Release|Any CPU.Build.0 = Release|Any CPU
		{82D2AEE7-8F2A-419D-89AA-E6F6ECDE503A}.Release|Any CPU.Deploy.0 = Release|Any CPU
		{82D2AEE7-8F2A-419D-89AA-E6F6ECDE503A}.Release|iPhone.ActiveCfg = Release|Any CPU
		{82D2AEE7-8F2A-419D-89AA-E6F6ECDE503A}.Release|iPhone.Build.0 = Release|Any CPU
		{82D2AEE7-8F2A-419D-89AA-E6F6ECDE503A}.Release|iPhone.Deploy.0 = Release|Any CPU
		{82D2AEE7-8F2A-419D-89AA-E6F6ECDE503A}.Release|iPhoneSimulator.ActiveCfg = Release|Any CPU
		{82D2AEE7-8F2A-419D-89AA-E6F6ECDE503A}.Release|iPhoneSimulator.Build.0 = Release|Any CPU
		{82D2AEE7-8F2A-419D-89AA-E6F6ECDE503A}.Release|iPhoneSimulator.Deploy.0 = Release|Any CPU
	EndGlobalSection
	GlobalSection(SolutionProperties) = preSolution
		HideSolutionNode = FALSE
	EndGlobalSection
	GlobalSection(ExtensibilityGlobals) = postSolution
		SolutionGuid = {037EAB3D-0DEF-4C02-810E-DD00BB5AB828}
	EndGlobalSection
EndGlobal
